// !$*UTF8*$!
{
	archiveVersion = 1;
	classes = {
	};
	objectVersion = 56;
	objects = {

/* Begin PBXBuildFile section */
		4FFD3A6AC4E4BF9026BF732C /* Pods_Instagram_IOS.framework in Frameworks */ = {isa = PBXBuildFile; fileRef = D7876800995E1E0707EFCE42 /* Pods_Instagram_IOS.framework */; };
		7B06950146F2B9508643D6E5 /* Pods_Instagram_IOS_Instagram_IOSUITests.framework in Frameworks */ = {isa = PBXBuildFile; fileRef = 1F9A26190F3E83B9653664F9 /* Pods_Instagram_IOS_Instagram_IOSUITests.framework */; };
		DBBC8FAFFBA21CA49F985225 /* Pods_Instagram_IOSTests.framework in Frameworks */ = {isa = PBXBuildFile; fileRef = A036DC5B7C957868243C5B6F /* Pods_Instagram_IOSTests.framework */; };
		FA55EC382F0237F3006E0404 /* AppDelegate.swift in Sources */ = {isa = PBXBuildFile; fileRef = FA55EC372F0237F3006E0404 /* AppDelegate.swift */; };
		FA55EC3A2F0237F3006E0404 /* SceneDelegate.swift in Sources */ = {isa = PBXBuildFile; fileRef = FA55EC392F0237F3006E0404 /* SceneDelegate.swift */; };
		FA55EC3C2F0237F3006E0404 /* HomeViewController.swift in Sources */ = {isa = PBXBuildFile; fileRef = FA55EC3B2F0237F3006E0404 /* HomeViewController.swift */; };
		FA55EC3F2F0237F3006E0404 /* Main.storyboard in Resources */ = {isa = PBXBuildFile; fileRef = FA55EC3D2F0237F3006E0404 /* Main.storyboard */; };
		FA55EC412F0237F4006E0404 /* Assets.xcassets in Resources */ = {isa = PBXBuildFile; fileRef = FA55EC402F0237F4006E0404 /* Assets.xcassets */; };
		FA55EC442F0237F4006E0404 /* LaunchScreen.storyboard in Resources */ = {isa = PBXBuildFile; fileRef = FA55EC422F0237F4006E0404 /* LaunchScreen.storyboard */; };
		FA55EC4F2F0237F4006E0404 /* Instagram_IOSTests.swift in Sources */ = {isa = PBXBuildFile; fileRef = FA55EC4E2F0237F4006E0404 /* Instagram_IOSTests.swift */; };
		FA55EC592F0237F4006E0404 /* Instagram_IOSUITests.swift in Sources */ = {isa = PBXBuildFile; fileRef = FA55EC582F0237F4006E0404 /* Instagram_IOSUITests.swift */; };
		FA55EC5B2F0237F4006E0404 /* Instagram_IOSUITestsLaunchTests.swift in Sources */ = {isa = PBXBuildFile; fileRef = FA55EC5A2F0237F4006E0404 /* Instagram_IOSUITestsLaunchTests.swift */; };
		FA55EC6D2F0420BC006E0404 /* ExploreViewController.swift in Sources */ = {isa = PBXBuildFile; fileRef = FA55EC6C2F0420BC006E0404 /* ExploreViewController.swift */; };
		FA55EC6F2F0420E1006E0404 /* CameraViewController.swift in Sources */ = {isa = PBXBuildFile; fileRef = FA55EC6E2F0420E1006E0404 /* CameraViewController.swift */; };
		FA55EC712F0421FE006E0404 /* NotificationsViewController.swift in Sources */ = {isa = PBXBuildFile; fileRef = FA55EC702F0421FE006E0404 /* NotificationsViewController.swift */; };
		FA55EC732F042213006E0404 /* ProfileViewController.swift in Sources */ = {isa = PBXBuildFile; fileRef = FA55EC722F042213006E0404 /* ProfileViewController.swift */; };
		FA55EC782F0424F7006E0404 /* LoginViewController.swift in Sources */ = {isa = PBXBuildFile; fileRef = FA55EC772F0424F7006E0404 /* LoginViewController.swift */; };
		FA55EC7A2F042505006E0404 /* RegistrationViewController.swift in Sources */ = {isa = PBXBuildFile; fileRef = FA55EC792F042505006E0404 /* RegistrationViewController.swift */; };
		FA55EC7C2F04253D006E0404 /* PostViewController.swift in Sources */ = {isa = PBXBuildFile; fileRef = FA55EC7B2F04253D006E0404 /* PostViewController.swift */; };
		FA55EC7E2F042566006E0404 /* EditProfileViewController.swift in Sources */ = {isa = PBXBuildFile; fileRef = FA55EC7D2F042566006E0404 /* EditProfileViewController.swift */; };
		FA55EC802F042581006E0404 /* SettingsViewController.swift in Sources */ = {isa = PBXBuildFile; fileRef = FA55EC7F2F042581006E0404 /* SettingsViewController.swift */; };
		FA55EC822F0425D5006E0404 /* ListViewController.swift in Sources */ = {isa = PBXBuildFile; fileRef = FA55EC812F0425D5006E0404 /* ListViewController.swift */; };
		FA55EC842F0425F3006E0404 /* SearchViewController.swift in Sources */ = {isa = PBXBuildFile; fileRef = FA55EC832F0425F3006E0404 /* SearchViewController.swift */; };
		FA55EC862F04260A006E0404 /* SearchResultViewController.swift in Sources */ = {isa = PBXBuildFile; fileRef = FA55EC852F04260A006E0404 /* SearchResultViewController.swift */; };
		FA55EC882F043838006E0404 /* PostEditorViewController.swift in Sources */ = {isa = PBXBuildFile; fileRef = FA55EC872F043838006E0404 /* PostEditorViewController.swift */; };
		FA55EC8A2F043851006E0404 /* PublishPostViewController.swift in Sources */ = {isa = PBXBuildFile; fileRef = FA55EC892F043851006E0404 /* PublishPostViewController.swift */; };
		FA55EC8E2F0849F6006E0404 /* GoogleService-Info.plist in Resources */ = {isa = PBXBuildFile; fileRef = FA55EC8D2F0849F6006E0404 /* GoogleService-Info.plist */; };
		FAD765102F092E75003B4736 /* DatabaseManager.swift in Sources */ = {isa = PBXBuildFile; fileRef = FAD7650F2F092E61003B4736 /* DatabaseManager.swift */; };
		FAD765122F092FFE003B4736 /* AuthManager.swift in Sources */ = {isa = PBXBuildFile; fileRef = FAD765112F092FF9003B4736 /* AuthManager.swift */; };
		FAD765142F09302C003B4736 /* StorageManager.swift in Sources */ = {isa = PBXBuildFile; fileRef = FAD765132F093027003B4736 /* StorageManager.swift */; };
/* End PBXBuildFile section */

/* Begin PBXContainerItemProxy section */
		FA55EC4B2F0237F4006E0404 /* PBXContainerItemProxy */ = {
			isa = PBXContainerItemProxy;
			containerPortal = FA55EC2C2F0237F3006E0404 /* Project object */;
			proxyType = 1;
			remoteGlobalIDString = FA55EC332F0237F3006E0404;
			remoteInfo = Instagram_IOS;
		};
		FA55EC552F0237F4006E0404 /* PBXContainerItemProxy */ = {
			isa = PBXContainerItemProxy;
			containerPortal = FA55EC2C2F0237F3006E0404 /* Project object */;
			proxyType = 1;
			remoteGlobalIDString = FA55EC332F0237F3006E0404;
			remoteInfo = Instagram_IOS;
		};
/* End PBXContainerItemProxy section */

/* Begin PBXFileReference section */
		1F9A26190F3E83B9653664F9 /* Pods_Instagram_IOS_Instagram_IOSUITests.framework */ = {isa = PBXFileReference; explicitFileType = wrapper.framework; includeInIndex = 0; path = Pods_Instagram_IOS_Instagram_IOSUITests.framework; sourceTree = BUILT_PRODUCTS_DIR; };
		300BE6A1CA43206ADFEFCF41 /* Pods-Instagram_IOS.release.xcconfig */ = {isa = PBXFileReference; includeInIndex = 1; lastKnownFileType = text.xcconfig; name = "Pods-Instagram_IOS.release.xcconfig"; path = "Target Support Files/Pods-Instagram_IOS/Pods-Instagram_IOS.release.xcconfig"; sourceTree = "<group>"; };
		3C9B32C537756073F12D163A /* Pods-Instagram_IOSTests.debug.xcconfig */ = {isa = PBXFileReference; includeInIndex = 1; lastKnownFileType = text.xcconfig; name = "Pods-Instagram_IOSTests.debug.xcconfig"; path = "Target Support Files/Pods-Instagram_IOSTests/Pods-Instagram_IOSTests.debug.xcconfig"; sourceTree = "<group>"; };
		7757ECCE9E32DCA56EC05DE3 /* Pods-Instagram_IOS-Instagram_IOSUITests.release.xcconfig */ = {isa = PBXFileReference; includeInIndex = 1; lastKnownFileType = text.xcconfig; name = "Pods-Instagram_IOS-Instagram_IOSUITests.release.xcconfig"; path = "Target Support Files/Pods-Instagram_IOS-Instagram_IOSUITests/Pods-Instagram_IOS-Instagram_IOSUITests.release.xcconfig"; sourceTree = "<group>"; };
		8620EC2D371F40A0374580EC /* Pods-Instagram_IOS.debug.xcconfig */ = {isa = PBXFileReference; includeInIndex = 1; lastKnownFileType = text.xcconfig; name = "Pods-Instagram_IOS.debug.xcconfig"; path = "Target Support Files/Pods-Instagram_IOS/Pods-Instagram_IOS.debug.xcconfig"; sourceTree = "<group>"; };
		8801D97167060509552814C9 /* Pods-Instagram_IOS-Instagram_IOSUITests.debug.xcconfig */ = {isa = PBXFileReference; includeInIndex = 1; lastKnownFileType = text.xcconfig; name = "Pods-Instagram_IOS-Instagram_IOSUITests.debug.xcconfig"; path = "Target Support Files/Pods-Instagram_IOS-Instagram_IOSUITests/Pods-Instagram_IOS-Instagram_IOSUITests.debug.xcconfig"; sourceTree = "<group>"; };
		A036DC5B7C957868243C5B6F /* Pods_Instagram_IOSTests.framework */ = {isa = PBXFileReference; explicitFileType = wrapper.framework; includeInIndex = 0; path = Pods_Instagram_IOSTests.framework; sourceTree = BUILT_PRODUCTS_DIR; };
		AB2AE804EBC9515D906AB854 /* Pods-Instagram_IOSTests.release.xcconfig */ = {isa = PBXFileReference; includeInIndex = 1; lastKnownFileType = text.xcconfig; name = "Pods-Instagram_IOSTests.release.xcconfig"; path = "Target Support Files/Pods-Instagram_IOSTests/Pods-Instagram_IOSTests.release.xcconfig"; sourceTree = "<group>"; };
		D7876800995E1E0707EFCE42 /* Pods_Instagram_IOS.framework */ = {isa = PBXFileReference; explicitFileType = wrapper.framework; includeInIndex = 0; path = Pods_Instagram_IOS.framework; sourceTree = BUILT_PRODUCTS_DIR; };
		FA55EC342F0237F3006E0404 /* Instagram_IOS.app */ = {isa = PBXFileReference; explicitFileType = wrapper.application; includeInIndex = 0; path = Instagram_IOS.app; sourceTree = BUILT_PRODUCTS_DIR; };
		FA55EC372F0237F3006E0404 /* AppDelegate.swift */ = {isa = PBXFileReference; lastKnownFileType = sourcecode.swift; path = AppDelegate.swift; sourceTree = "<group>"; };
		FA55EC392F0237F3006E0404 /* SceneDelegate.swift */ = {isa = PBXFileReference; lastKnownFileType = sourcecode.swift; path = SceneDelegate.swift; sourceTree = "<group>"; };
		FA55EC3B2F0237F3006E0404 /* HomeViewController.swift */ = {isa = PBXFileReference; lastKnownFileType = sourcecode.swift; path = HomeViewController.swift; sourceTree = "<group>"; };
		FA55EC3E2F0237F3006E0404 /* Base */ = {isa = PBXFileReference; lastKnownFileType = file.storyboard; name = Base; path = Base.lproj/Main.storyboard; sourceTree = "<group>"; };
		FA55EC402F0237F4006E0404 /* Assets.xcassets */ = {isa = PBXFileReference; lastKnownFileType = folder.assetcatalog; path = Assets.xcassets; sourceTree = "<group>"; };
		FA55EC432F0237F4006E0404 /* Base */ = {isa = PBXFileReference; lastKnownFileType = file.storyboard; name = Base; path = Base.lproj/LaunchScreen.storyboard; sourceTree = "<group>"; };
		FA55EC452F0237F4006E0404 /* Info.plist */ = {isa = PBXFileReference; lastKnownFileType = text.plist.xml; path = Info.plist; sourceTree = "<group>"; };
		FA55EC4A2F0237F4006E0404 /* Instagram_IOSTests.xctest */ = {isa = PBXFileReference; explicitFileType = wrapper.cfbundle; includeInIndex = 0; path = Instagram_IOSTests.xctest; sourceTree = BUILT_PRODUCTS_DIR; };
		FA55EC4E2F0237F4006E0404 /* Instagram_IOSTests.swift */ = {isa = PBXFileReference; lastKnownFileType = sourcecode.swift; path = Instagram_IOSTests.swift; sourceTree = "<group>"; };
		FA55EC542F0237F4006E0404 /* Instagram_IOSUITests.xctest */ = {isa = PBXFileReference; explicitFileType = wrapper.cfbundle; includeInIndex = 0; path = Instagram_IOSUITests.xctest; sourceTree = BUILT_PRODUCTS_DIR; };
		FA55EC582F0237F4006E0404 /* Instagram_IOSUITests.swift */ = {isa = PBXFileReference; lastKnownFileType = sourcecode.swift; path = Instagram_IOSUITests.swift; sourceTree = "<group>"; };
		FA55EC5A2F0237F4006E0404 /* Instagram_IOSUITestsLaunchTests.swift */ = {isa = PBXFileReference; lastKnownFileType = sourcecode.swift; path = Instagram_IOSUITestsLaunchTests.swift; sourceTree = "<group>"; };
		FA55EC6C2F0420BC006E0404 /* ExploreViewController.swift */ = {isa = PBXFileReference; lastKnownFileType = sourcecode.swift; path = ExploreViewController.swift; sourceTree = "<group>"; };
		FA55EC6E2F0420E1006E0404 /* CameraViewController.swift */ = {isa = PBXFileReference; lastKnownFileType = sourcecode.swift; path = CameraViewController.swift; sourceTree = "<group>"; };
		FA55EC702F0421FE006E0404 /* NotificationsViewController.swift */ = {isa = PBXFileReference; lastKnownFileType = sourcecode.swift; path = NotificationsViewController.swift; sourceTree = "<group>"; };
		FA55EC722F042213006E0404 /* ProfileViewController.swift */ = {isa = PBXFileReference; lastKnownFileType = sourcecode.swift; path = ProfileViewController.swift; sourceTree = "<group>"; };
		FA55EC772F0424F7006E0404 /* LoginViewController.swift */ = {isa = PBXFileReference; lastKnownFileType = sourcecode.swift; path = LoginViewController.swift; sourceTree = "<group>"; };
		FA55EC792F042505006E0404 /* RegistrationViewController.swift */ = {isa = PBXFileReference; lastKnownFileType = sourcecode.swift; path = RegistrationViewController.swift; sourceTree = "<group>"; };
		FA55EC7B2F04253D006E0404 /* PostViewController.swift */ = {isa = PBXFileReference; lastKnownFileType = sourcecode.swift; path = PostViewController.swift; sourceTree = "<group>"; };
		FA55EC7D2F042566006E0404 /* EditProfileViewController.swift */ = {isa = PBXFileReference; lastKnownFileType = sourcecode.swift; path = EditProfileViewController.swift; sourceTree = "<group>"; };
		FA55EC7F2F042581006E0404 /* SettingsViewController.swift */ = {isa = PBXFileReference; lastKnownFileType = sourcecode.swift; path = SettingsViewController.swift; sourceTree = "<group>"; };
		FA55EC812F0425D5006E0404 /* ListViewController.swift */ = {isa = PBXFileReference; lastKnownFileType = sourcecode.swift; path = ListViewController.swift; sourceTree = "<group>"; };
		FA55EC832F0425F3006E0404 /* SearchViewController.swift */ = {isa = PBXFileReference; lastKnownFileType = sourcecode.swift; path = SearchViewController.swift; sourceTree = "<group>"; };
		FA55EC852F04260A006E0404 /* SearchResultViewController.swift */ = {isa = PBXFileReference; lastKnownFileType = sourcecode.swift; path = SearchResultViewController.swift; sourceTree = "<group>"; };
		FA55EC872F043838006E0404 /* PostEditorViewController.swift */ = {isa = PBXFileReference; lastKnownFileType = sourcecode.swift; path = PostEditorViewController.swift; sourceTree = "<group>"; };
		FA55EC892F043851006E0404 /* PublishPostViewController.swift */ = {isa = PBXFileReference; lastKnownFileType = sourcecode.swift; path = PublishPostViewController.swift; sourceTree = "<group>"; };
		FA55EC8D2F0849F6006E0404 /* GoogleService-Info.plist */ = {isa = PBXFileReference; fileEncoding = 4; lastKnownFileType = text.plist.xml; path = "GoogleService-Info.plist"; sourceTree = "<group>"; };
		FAD7650F2F092E61003B4736 /* DatabaseManager.swift */ = {isa = PBXFileReference; lastKnownFileType = sourcecode.swift; path = DatabaseManager.swift; sourceTree = "<group>"; };
		FAD765112F092FF9003B4736 /* AuthManager.swift */ = {isa = PBXFileReference; lastKnownFileType = sourcecode.swift; path = AuthManager.swift; sourceTree = "<group>"; };
		FAD765132F093027003B4736 /* StorageManager.swift */ = {isa = PBXFileReference; lastKnownFileType = sourcecode.swift; path = StorageManager.swift; sourceTree = "<group>"; };
/* End PBXFileReference section */

/* Begin PBXFrameworksBuildPhase section */
		FA55EC312F0237F3006E0404 /* Frameworks */ = {
			isa = PBXFrameworksBuildPhase;
			buildActionMask = 2147483647;
			files = (
				4FFD3A6AC4E4BF9026BF732C /* Pods_Instagram_IOS.framework in Frameworks */,
			);
			runOnlyForDeploymentPostprocessing = 0;
		};
		FA55EC472F0237F4006E0404 /* Frameworks */ = {
			isa = PBXFrameworksBuildPhase;
			buildActionMask = 2147483647;
			files = (
				DBBC8FAFFBA21CA49F985225 /* Pods_Instagram_IOSTests.framework in Frameworks */,
			);
			runOnlyForDeploymentPostprocessing = 0;
		};
		FA55EC512F0237F4006E0404 /* Frameworks */ = {
			isa = PBXFrameworksBuildPhase;
			buildActionMask = 2147483647;
			files = (
				7B06950146F2B9508643D6E5 /* Pods_Instagram_IOS_Instagram_IOSUITests.framework in Frameworks */,
			);
			runOnlyForDeploymentPostprocessing = 0;
		};
/* End PBXFrameworksBuildPhase section */

/* Begin PBXGroup section */
		6E1361978ECC93242AA1ADCA /* Frameworks */ = {
			isa = PBXGroup;
			children = (
				D7876800995E1E0707EFCE42 /* Pods_Instagram_IOS.framework */,
				1F9A26190F3E83B9653664F9 /* Pods_Instagram_IOS_Instagram_IOSUITests.framework */,
				A036DC5B7C957868243C5B6F /* Pods_Instagram_IOSTests.framework */,
			);
			name = Frameworks;
			sourceTree = "<group>";
		};
		7E3599E1A40FAEA8D678997B /* Pods */ = {
			isa = PBXGroup;
			children = (
				8620EC2D371F40A0374580EC /* Pods-Instagram_IOS.debug.xcconfig */,
				300BE6A1CA43206ADFEFCF41 /* Pods-Instagram_IOS.release.xcconfig */,
				8801D97167060509552814C9 /* Pods-Instagram_IOS-Instagram_IOSUITests.debug.xcconfig */,
				7757ECCE9E32DCA56EC05DE3 /* Pods-Instagram_IOS-Instagram_IOSUITests.release.xcconfig */,
				3C9B32C537756073F12D163A /* Pods-Instagram_IOSTests.debug.xcconfig */,
				AB2AE804EBC9515D906AB854 /* Pods-Instagram_IOSTests.release.xcconfig */,
			);
			path = Pods;
			sourceTree = "<group>";
		};
		FA55EC2B2F0237F3006E0404 = {
			isa = PBXGroup;
			children = (
				FA55EC362F0237F3006E0404 /* Instagram_IOS */,
				FA55EC4D2F0237F4006E0404 /* Instagram_IOSTests */,
				FA55EC572F0237F4006E0404 /* Instagram_IOSUITests */,
				FA55EC352F0237F3006E0404 /* Products */,
				7E3599E1A40FAEA8D678997B /* Pods */,
				6E1361978ECC93242AA1ADCA /* Frameworks */,
			);
			sourceTree = "<group>";
		};
		FA55EC352F0237F3006E0404 /* Products */ = {
			isa = PBXGroup;
			children = (
				FA55EC342F0237F3006E0404 /* Instagram_IOS.app */,
				FA55EC4A2F0237F4006E0404 /* Instagram_IOSTests.xctest */,
				FA55EC542F0237F4006E0404 /* Instagram_IOSUITests.xctest */,
			);
			name = Products;
			sourceTree = "<group>";
		};
		FA55EC362F0237F3006E0404 /* Instagram_IOS */ = {
			isa = PBXGroup;
			children = (
				FA55EC692F025C41006E0404 /* Resources */,
				FA55EC682F0258AC006E0404 /* Views */,
				FA55EC672F025898006E0404 /* Models */,
				FA55EC6B2F025D75006E0404 /* Controllers */,
				FA55EC452F0237F4006E0404 /* Info.plist */,
			);
			path = Instagram_IOS;
			sourceTree = "<group>";
		};
		FA55EC4D2F0237F4006E0404 /* Instagram_IOSTests */ = {
			isa = PBXGroup;
			children = (
				FA55EC4E2F0237F4006E0404 /* Instagram_IOSTests.swift */,
			);
			path = Instagram_IOSTests;
			sourceTree = "<group>";
		};
		FA55EC572F0237F4006E0404 /* Instagram_IOSUITests */ = {
			isa = PBXGroup;
			children = (
				FA55EC582F0237F4006E0404 /* Instagram_IOSUITests.swift */,
				FA55EC5A2F0237F4006E0404 /* Instagram_IOSUITestsLaunchTests.swift */,
			);
			path = Instagram_IOSUITests;
			sourceTree = "<group>";
		};
		FA55EC672F025898006E0404 /* Models */ = {
			isa = PBXGroup;
			children = (
			);
			path = Models;
			sourceTree = "<group>";
		};
		FA55EC682F0258AC006E0404 /* Views */ = {
			isa = PBXGroup;
			children = (
				FA55EC6A2F025D05006E0404 /* Storyboards */,
				FA55EC402F0237F4006E0404 /* Assets.xcassets */,
			);
			path = Views;
			sourceTree = "<group>";
		};
		FA55EC692F025C41006E0404 /* Resources */ = {
			isa = PBXGroup;
			children = (
				FAD765132F093027003B4736 /* StorageManager.swift */,
				FAD765112F092FF9003B4736 /* AuthManager.swift */,
				FAD7650F2F092E61003B4736 /* DatabaseManager.swift */,
				FA55EC8D2F0849F6006E0404 /* GoogleService-Info.plist */,
				FA55EC372F0237F3006E0404 /* AppDelegate.swift */,
				FA55EC392F0237F3006E0404 /* SceneDelegate.swift */,
			);
			path = Resources;
			sourceTree = "<group>";
		};
		FA55EC6A2F025D05006E0404 /* Storyboards */ = {
			isa = PBXGroup;
			children = (
				FA55EC3D2F0237F3006E0404 /* Main.storyboard */,
				FA55EC422F0237F4006E0404 /* LaunchScreen.storyboard */,
			);
			path = Storyboards;
			sourceTree = "<group>";
		};
		FA55EC6B2F025D75006E0404 /* Controllers */ = {
			isa = PBXGroup;
			children = (
				FA55EC752F0424D1006E0404 /* Other */,
				FA55EC742F04233D006E0404 /* Core Tabs */,
			);
			path = Controllers;
			sourceTree = "<group>";
		};
		FA55EC742F04233D006E0404 /* Core Tabs */ = {
			isa = PBXGroup;
			children = (
				FA55EC3B2F0237F3006E0404 /* HomeViewController.swift */,
				FA55EC6C2F0420BC006E0404 /* ExploreViewController.swift */,
				FA55EC6E2F0420E1006E0404 /* CameraViewController.swift */,
				FA55EC702F0421FE006E0404 /* NotificationsViewController.swift */,
				FA55EC722F042213006E0404 /* ProfileViewController.swift */,
			);
			path = "Core Tabs";
			sourceTree = "<group>";
		};
		FA55EC752F0424D1006E0404 /* Other */ = {
			isa = PBXGroup;
			children = (
				FA55EC762F0424DA006E0404 /* Onboarding */,
				FAD7650E2F092D13003B4736 /* General */,
			);
			path = Other;
			sourceTree = "<group>";
		};
		FA55EC762F0424DA006E0404 /* Onboarding */ = {
			isa = PBXGroup;
			children = (
				FA55EC772F0424F7006E0404 /* LoginViewController.swift */,
				FA55EC792F042505006E0404 /* RegistrationViewController.swift */,
			);
			path = Onboarding;
			sourceTree = "<group>";
		};
		FAD7650E2F092D13003B4736 /* General */ = {
			isa = PBXGroup;
			children = (
				FA55EC7B2F04253D006E0404 /* PostViewController.swift */,
				FA55EC7F2F042581006E0404 /* SettingsViewController.swift */,
				FA55EC812F0425D5006E0404 /* ListViewController.swift */,
				FA55EC7D2F042566006E0404 /* EditProfileViewController.swift */,
				FA55EC832F0425F3006E0404 /* SearchViewController.swift */,
				FA55EC852F04260A006E0404 /* SearchResultViewController.swift */,
				FA55EC872F043838006E0404 /* PostEditorViewController.swift */,
				FA55EC892F043851006E0404 /* PublishPostViewController.swift */,
			);
			path = General;
			sourceTree = "<group>";
		};
/* End PBXGroup section */

/* Begin PBXNativeTarget section */
		FA55EC332F0237F3006E0404 /* Instagram_IOS */ = {
			isa = PBXNativeTarget;
			buildConfigurationList = FA55EC5E2F0237F4006E0404 /* Build configuration list for PBXNativeTarget "Instagram_IOS" */;
			buildPhases = (
				D87E6EAC1FC052EEC79E97F6 /* [CP] Check Pods Manifest.lock */,
				FA55EC302F0237F3006E0404 /* Sources */,
				FA55EC312F0237F3006E0404 /* Frameworks */,
				FA55EC322F0237F3006E0404 /* Resources */,
				92169BE411775A1E758FBD84 /* [CP] Embed Pods Frameworks */,
			);
			buildRules = (
			);
			dependencies = (
			);
			name = Instagram_IOS;
			productName = Instagram_IOS;
			productReference = FA55EC342F0237F3006E0404 /* Instagram_IOS.app */;
			productType = "com.apple.product-type.application";
		};
		FA55EC492F0237F4006E0404 /* Instagram_IOSTests */ = {
			isa = PBXNativeTarget;
			buildConfigurationList = FA55EC612F0237F4006E0404 /* Build configuration list for PBXNativeTarget "Instagram_IOSTests" */;
			buildPhases = (
				BF3ED0BDE6994B476D305EDC /* [CP] Check Pods Manifest.lock */,
				FA55EC462F0237F4006E0404 /* Sources */,
				FA55EC472F0237F4006E0404 /* Frameworks */,
				FA55EC482F0237F4006E0404 /* Resources */,
			);
			buildRules = (
			);
			dependencies = (
				FA55EC4C2F0237F4006E0404 /* PBXTargetDependency */,
			);
			name = Instagram_IOSTests;
			productName = Instagram_IOSTests;
			productReference = FA55EC4A2F0237F4006E0404 /* Instagram_IOSTests.xctest */;
			productType = "com.apple.product-type.bundle.unit-test";
		};
		FA55EC532F0237F4006E0404 /* Instagram_IOSUITests */ = {
			isa = PBXNativeTarget;
			buildConfigurationList = FA55EC642F0237F4006E0404 /* Build configuration list for PBXNativeTarget "Instagram_IOSUITests" */;
			buildPhases = (
				793DA876234F563091768E26 /* [CP] Check Pods Manifest.lock */,
				FA55EC502F0237F4006E0404 /* Sources */,
				FA55EC512F0237F4006E0404 /* Frameworks */,
				FA55EC522F0237F4006E0404 /* Resources */,
				124F00276E5E9B851C3B66DD /* [CP] Embed Pods Frameworks */,
			);
			buildRules = (
			);
			dependencies = (
				FA55EC562F0237F4006E0404 /* PBXTargetDependency */,
			);
			name = Instagram_IOSUITests;
			productName = Instagram_IOSUITests;
			productReference = FA55EC542F0237F4006E0404 /* Instagram_IOSUITests.xctest */;
			productType = "com.apple.product-type.bundle.ui-testing";
		};
/* End PBXNativeTarget section */

/* Begin PBXProject section */
		FA55EC2C2F0237F3006E0404 /* Project object */ = {
			isa = PBXProject;
			attributes = {
				BuildIndependentTargetsInParallel = 1;
				LastSwiftUpdateCheck = 1420;
				LastUpgradeCheck = 1420;
				TargetAttributes = {
					FA55EC332F0237F3006E0404 = {
						CreatedOnToolsVersion = 14.2;
					};
					FA55EC492F0237F4006E0404 = {
						CreatedOnToolsVersion = 14.2;
						TestTargetID = FA55EC332F0237F3006E0404;
					};
					FA55EC532F0237F4006E0404 = {
						CreatedOnToolsVersion = 14.2;
						TestTargetID = FA55EC332F0237F3006E0404;
					};
				};
			};
			buildConfigurationList = FA55EC2F2F0237F3006E0404 /* Build configuration list for PBXProject "Instagram_IOS" */;
			compatibilityVersion = "Xcode 14.0";
			developmentRegion = en;
			hasScannedForEncodings = 0;
			knownRegions = (
				en,
				Base,
			);
			mainGroup = FA55EC2B2F0237F3006E0404;
			productRefGroup = FA55EC352F0237F3006E0404 /* Products */;
			projectDirPath = "";
			projectRoot = "";
			targets = (
				FA55EC332F0237F3006E0404 /* Instagram_IOS */,
				FA55EC492F0237F4006E0404 /* Instagram_IOSTests */,
				FA55EC532F0237F4006E0404 /* Instagram_IOSUITests */,
			);
		};
/* End PBXProject section */

/* Begin PBXResourcesBuildPhase section */
		FA55EC322F0237F3006E0404 /* Resources */ = {
			isa = PBXResourcesBuildPhase;
			buildActionMask = 2147483647;
			files = (
				FA55EC8E2F0849F6006E0404 /* GoogleService-Info.plist in Resources */,
				FA55EC442F0237F4006E0404 /* LaunchScreen.storyboard in Resources */,
				FA55EC412F0237F4006E0404 /* Assets.xcassets in Resources */,
				FA55EC3F2F0237F3006E0404 /* Main.storyboard in Resources */,
			);
			runOnlyForDeploymentPostprocessing = 0;
		};
		FA55EC482F0237F4006E0404 /* Resources */ = {
			isa = PBXResourcesBuildPhase;
			buildActionMask = 2147483647;
			files = (
			);
			runOnlyForDeploymentPostprocessing = 0;
		};
		FA55EC522F0237F4006E0404 /* Resources */ = {
			isa = PBXResourcesBuildPhase;
			buildActionMask = 2147483647;
			files = (
			);
			runOnlyForDeploymentPostprocessing = 0;
		};
/* End PBXResourcesBuildPhase section */

/* Begin PBXShellScriptBuildPhase section */
		124F00276E5E9B851C3B66DD /* [CP] Embed Pods Frameworks */ = {
			isa = PBXShellScriptBuildPhase;
			buildActionMask = 2147483647;
			files = (
			);
			inputFileListPaths = (
				"${PODS_ROOT}/Target Support Files/Pods-Instagram_IOS-Instagram_IOSUITests/Pods-Instagram_IOS-Instagram_IOSUITests-frameworks-${CONFIGURATION}-input-files.xcfilelist",
			);
			name = "[CP] Embed Pods Frameworks";
			outputFileListPaths = (
				"${PODS_ROOT}/Target Support Files/Pods-Instagram_IOS-Instagram_IOSUITests/Pods-Instagram_IOS-Instagram_IOSUITests-frameworks-${CONFIGURATION}-output-files.xcfilelist",
			);
			runOnlyForDeploymentPostprocessing = 0;
			shellPath = /bin/sh;
			shellScript = "\"${PODS_ROOT}/Target Support Files/Pods-Instagram_IOS-Instagram_IOSUITests/Pods-Instagram_IOS-Instagram_IOSUITests-frameworks.sh\"\n";
			showEnvVarsInLog = 0;
		};
		793DA876234F563091768E26 /* [CP] Check Pods Manifest.lock */ = {
			isa = PBXShellScriptBuildPhase;
			buildActionMask = 2147483647;
			files = (
			);
			inputFileListPaths = (
			);
			inputPaths = (
				"${PODS_PODFILE_DIR_PATH}/Podfile.lock",
				"${PODS_ROOT}/Manifest.lock",
			);
			name = "[CP] Check Pods Manifest.lock";
			outputFileListPaths = (
			);
			outputPaths = (
				"$(DERIVED_FILE_DIR)/Pods-Instagram_IOS-Instagram_IOSUITests-checkManifestLockResult.txt",
			);
			runOnlyForDeploymentPostprocessing = 0;
			shellPath = /bin/sh;
			shellScript = "diff \"${PODS_PODFILE_DIR_PATH}/Podfile.lock\" \"${PODS_ROOT}/Manifest.lock\" > /dev/null\nif [ $? != 0 ] ; then\n    # print error to STDERR\n    echo \"error: The sandbox is not in sync with the Podfile.lock. Run 'pod install' or update your CocoaPods installation.\" >&2\n    exit 1\nfi\n# This output is used by Xcode 'outputs' to avoid re-running this script phase.\necho \"SUCCESS\" > \"${SCRIPT_OUTPUT_FILE_0}\"\n";
			showEnvVarsInLog = 0;
		};
		92169BE411775A1E758FBD84 /* [CP] Embed Pods Frameworks */ = {
			isa = PBXShellScriptBuildPhase;
			buildActionMask = 2147483647;
			files = (
			);
			inputFileListPaths = (
				"${PODS_ROOT}/Target Support Files/Pods-Instagram_IOS/Pods-Instagram_IOS-frameworks-${CONFIGURATION}-input-files.xcfilelist",
			);
			name = "[CP] Embed Pods Frameworks";
			outputFileListPaths = (
				"${PODS_ROOT}/Target Support Files/Pods-Instagram_IOS/Pods-Instagram_IOS-frameworks-${CONFIGURATION}-output-files.xcfilelist",
			);
			runOnlyForDeploymentPostprocessing = 0;
			shellPath = /bin/sh;
			shellScript = "\"${PODS_ROOT}/Target Support Files/Pods-Instagram_IOS/Pods-Instagram_IOS-frameworks.sh\"\n";
			showEnvVarsInLog = 0;
		};
		BF3ED0BDE6994B476D305EDC /* [CP] Check Pods Manifest.lock */ = {
			isa = PBXShellScriptBuildPhase;
			buildActionMask = 2147483647;
			files = (
			);
			inputFileListPaths = (
			);
			inputPaths = (
				"${PODS_PODFILE_DIR_PATH}/Podfile.lock",
				"${PODS_ROOT}/Manifest.lock",
			);
			name = "[CP] Check Pods Manifest.lock";
			outputFileListPaths = (
			);
			outputPaths = (
				"$(DERIVED_FILE_DIR)/Pods-Instagram_IOSTests-checkManifestLockResult.txt",
			);
			runOnlyForDeploymentPostprocessing = 0;
			shellPath = /bin/sh;
			shellScript = "diff \"${PODS_PODFILE_DIR_PATH}/Podfile.lock\" \"${PODS_ROOT}/Manifest.lock\" > /dev/null\nif [ $? != 0 ] ; then\n    # print error to STDERR\n    echo \"error: The sandbox is not in sync with the Podfile.lock. Run 'pod install' or update your CocoaPods installation.\" >&2\n    exit 1\nfi\n# This output is used by Xcode 'outputs' to avoid re-running this script phase.\necho \"SUCCESS\" > \"${SCRIPT_OUTPUT_FILE_0}\"\n";
			showEnvVarsInLog = 0;
		};
		D87E6EAC1FC052EEC79E97F6 /* [CP] Check Pods Manifest.lock */ = {
			isa = PBXShellScriptBuildPhase;
			buildActionMask = 2147483647;
			files = (
			);
			inputFileListPaths = (
			);
			inputPaths = (
				"${PODS_PODFILE_DIR_PATH}/Podfile.lock",
				"${PODS_ROOT}/Manifest.lock",
			);
			name = "[CP] Check Pods Manifest.lock";
			outputFileListPaths = (
			);
			outputPaths = (
				"$(DERIVED_FILE_DIR)/Pods-Instagram_IOS-checkManifestLockResult.txt",
			);
			runOnlyForDeploymentPostprocessing = 0;
			shellPath = /bin/sh;
			shellScript = "diff \"${PODS_PODFILE_DIR_PATH}/Podfile.lock\" \"${PODS_ROOT}/Manifest.lock\" > /dev/null\nif [ $? != 0 ] ; then\n    # print error to STDERR\n    echo \"error: The sandbox is not in sync with the Podfile.lock. Run 'pod install' or update your CocoaPods installation.\" >&2\n    exit 1\nfi\n# This output is used by Xcode 'outputs' to avoid re-running this script phase.\necho \"SUCCESS\" > \"${SCRIPT_OUTPUT_FILE_0}\"\n";
			showEnvVarsInLog = 0;
		};
/* End PBXShellScriptBuildPhase section */

/* Begin PBXSourcesBuildPhase section */
		FA55EC302F0237F3006E0404 /* Sources */ = {
			isa = PBXSourcesBuildPhase;
			buildActionMask = 2147483647;
			files = (
				FA55EC7E2F042566006E0404 /* EditProfileViewController.swift in Sources */,
				FA55EC6D2F0420BC006E0404 /* ExploreViewController.swift in Sources */,
				FA55EC8A2F043851006E0404 /* PublishPostViewController.swift in Sources */,
				FA55EC6F2F0420E1006E0404 /* CameraViewController.swift in Sources */,
				FA55EC3C2F0237F3006E0404 /* HomeViewController.swift in Sources */,
				FA55EC7A2F042505006E0404 /* RegistrationViewController.swift in Sources */,
				FA55EC882F043838006E0404 /* PostEditorViewController.swift in Sources */,
				FAD765142F09302C003B4736 /* StorageManager.swift in Sources */,
				FA55EC7C2F04253D006E0404 /* PostViewController.swift in Sources */,
				FAD765102F092E75003B4736 /* DatabaseManager.swift in Sources */,
				FA55EC712F0421FE006E0404 /* NotificationsViewController.swift in Sources */,
				FA55EC862F04260A006E0404 /* SearchResultViewController.swift in Sources */,
				FA55EC782F0424F7006E0404 /* LoginViewController.swift in Sources */,
				FA55EC842F0425F3006E0404 /* SearchViewController.swift in Sources */,
				FA55EC732F042213006E0404 /* ProfileViewController.swift in Sources */,
				FAD765122F092FFE003B4736 /* AuthManager.swift in Sources */,
				FA55EC382F0237F3006E0404 /* AppDelegate.swift in Sources */,
				FA55EC3A2F0237F3006E0404 /* SceneDelegate.swift in Sources */,
				FA55EC822F0425D5006E0404 /* ListViewController.swift in Sources */,
				FA55EC802F042581006E0404 /* SettingsViewController.swift in Sources */,
			);
			runOnlyForDeploymentPostprocessing = 0;
		};
		FA55EC462F0237F4006E0404 /* Sources */ = {
			isa = PBXSourcesBuildPhase;
			buildActionMask = 2147483647;
			files = (
				FA55EC4F2F0237F4006E0404 /* Instagram_IOSTests.swift in Sources */,
			);
			runOnlyForDeploymentPostprocessing = 0;
		};
		FA55EC502F0237F4006E0404 /* Sources */ = {
			isa = PBXSourcesBuildPhase;
			buildActionMask = 2147483647;
			files = (
				FA55EC592F0237F4006E0404 /* Instagram_IOSUITests.swift in Sources */,
				FA55EC5B2F0237F4006E0404 /* Instagram_IOSUITestsLaunchTests.swift in Sources */,
			);
			runOnlyForDeploymentPostprocessing = 0;
		};
/* End PBXSourcesBuildPhase section */

/* Begin PBXTargetDependency section */
		FA55EC4C2F0237F4006E0404 /* PBXTargetDependency */ = {
			isa = PBXTargetDependency;
			target = FA55EC332F0237F3006E0404 /* Instagram_IOS */;
			targetProxy = FA55EC4B2F0237F4006E0404 /* PBXContainerItemProxy */;
		};
		FA55EC562F0237F4006E0404 /* PBXTargetDependency */ = {
			isa = PBXTargetDependency;
			target = FA55EC332F0237F3006E0404 /* Instagram_IOS */;
			targetProxy = FA55EC552F0237F4006E0404 /* PBXContainerItemProxy */;
		};
/* End PBXTargetDependency section */

/* Begin PBXVariantGroup section */
		FA55EC3D2F0237F3006E0404 /* Main.storyboard */ = {
			isa = PBXVariantGroup;
			children = (
				FA55EC3E2F0237F3006E0404 /* Base */,
			);
			name = Main.storyboard;
			sourceTree = "<group>";
		};
		FA55EC422F0237F4006E0404 /* LaunchScreen.storyboard */ = {
			isa = PBXVariantGroup;
			children = (
				FA55EC432F0237F4006E0404 /* Base */,
			);
			name = LaunchScreen.storyboard;
			sourceTree = "<group>";
		};
/* End PBXVariantGroup section */

/* Begin XCBuildConfiguration section */
		FA55EC5C2F0237F4006E0404 /* Debug */ = {
			isa = XCBuildConfiguration;
			buildSettings = {
				ALWAYS_SEARCH_USER_PATHS = NO;
				CLANG_ANALYZER_NONNULL = YES;
				CLANG_ANALYZER_NUMBER_OBJECT_CONVERSION = YES_AGGRESSIVE;
				CLANG_CXX_LANGUAGE_STANDARD = "gnu++20";
				CLANG_ENABLE_MODULES = YES;
				CLANG_ENABLE_OBJC_ARC = YES;
				CLANG_ENABLE_OBJC_WEAK = YES;
				CLANG_WARN_BLOCK_CAPTURE_AUTORELEASING = YES;
				CLANG_WARN_BOOL_CONVERSION = YES;
				CLANG_WARN_COMMA = YES;
				CLANG_WARN_CONSTANT_CONVERSION = YES;
				CLANG_WARN_DEPRECATED_OBJC_IMPLEMENTATIONS = YES;
				CLANG_WARN_DIRECT_OBJC_ISA_USAGE = YES_ERROR;
				CLANG_WARN_DOCUMENTATION_COMMENTS = YES;
				CLANG_WARN_EMPTY_BODY = YES;
				CLANG_WARN_ENUM_CONVERSION = YES;
				CLANG_WARN_INFINITE_RECURSION = YES;
				CLANG_WARN_INT_CONVERSION = YES;
				CLANG_WARN_NON_LITERAL_NULL_CONVERSION = YES;
				CLANG_WARN_OBJC_IMPLICIT_RETAIN_SELF = YES;
				CLANG_WARN_OBJC_LITERAL_CONVERSION = YES;
				CLANG_WARN_OBJC_ROOT_CLASS = YES_ERROR;
				CLANG_WARN_QUOTED_INCLUDE_IN_FRAMEWORK_HEADER = YES;
				CLANG_WARN_RANGE_LOOP_ANALYSIS = YES;
				CLANG_WARN_STRICT_PROTOTYPES = YES;
				CLANG_WARN_SUSPICIOUS_MOVE = YES;
				CLANG_WARN_UNGUARDED_AVAILABILITY = YES_AGGRESSIVE;
				CLANG_WARN_UNREACHABLE_CODE = YES;
				CLANG_WARN__DUPLICATE_METHOD_MATCH = YES;
				COPY_PHASE_STRIP = NO;
				DEBUG_INFORMATION_FORMAT = dwarf;
				ENABLE_STRICT_OBJC_MSGSEND = YES;
				ENABLE_TESTABILITY = YES;
				GCC_C_LANGUAGE_STANDARD = gnu11;
				GCC_DYNAMIC_NO_PIC = NO;
				GCC_NO_COMMON_BLOCKS = YES;
				GCC_OPTIMIZATION_LEVEL = 0;
				GCC_PREPROCESSOR_DEFINITIONS = (
					"DEBUG=1",
					"$(inherited)",
				);
				GCC_WARN_64_TO_32_BIT_CONVERSION = YES;
				GCC_WARN_ABOUT_RETURN_TYPE = YES_ERROR;
				GCC_WARN_UNDECLARED_SELECTOR = YES;
				GCC_WARN_UNINITIALIZED_AUTOS = YES_AGGRESSIVE;
				GCC_WARN_UNUSED_FUNCTION = YES;
				GCC_WARN_UNUSED_VARIABLE = YES;
				IPHONEOS_DEPLOYMENT_TARGET = 16.2;
				MTL_ENABLE_DEBUG_INFO = INCLUDE_SOURCE;
				MTL_FAST_MATH = YES;
				ONLY_ACTIVE_ARCH = YES;
				SDKROOT = iphoneos;
				SWIFT_ACTIVE_COMPILATION_CONDITIONS = DEBUG;
				SWIFT_OPTIMIZATION_LEVEL = "-Onone";
			};
			name = Debug;
		};
		FA55EC5D2F0237F4006E0404 /* Release */ = {
			isa = XCBuildConfiguration;
			buildSettings = {
				ALWAYS_SEARCH_USER_PATHS = NO;
				CLANG_ANALYZER_NONNULL = YES;
				CLANG_ANALYZER_NUMBER_OBJECT_CONVERSION = YES_AGGRESSIVE;
				CLANG_CXX_LANGUAGE_STANDARD = "gnu++20";
				CLANG_ENABLE_MODULES = YES;
				CLANG_ENABLE_OBJC_ARC = YES;
				CLANG_ENABLE_OBJC_WEAK = YES;
				CLANG_WARN_BLOCK_CAPTURE_AUTORELEASING = YES;
				CLANG_WARN_BOOL_CONVERSION = YES;
				CLANG_WARN_COMMA = YES;
				CLANG_WARN_CONSTANT_CONVERSION = YES;
				CLANG_WARN_DEPRECATED_OBJC_IMPLEMENTATIONS = YES;
				CLANG_WARN_DIRECT_OBJC_ISA_USAGE = YES_ERROR;
				CLANG_WARN_DOCUMENTATION_COMMENTS = YES;
				CLANG_WARN_EMPTY_BODY = YES;
				CLANG_WARN_ENUM_CONVERSION = YES;
				CLANG_WARN_INFINITE_RECURSION = YES;
				CLANG_WARN_INT_CONVERSION = YES;
				CLANG_WARN_NON_LITERAL_NULL_CONVERSION = YES;
				CLANG_WARN_OBJC_IMPLICIT_RETAIN_SELF = YES;
				CLANG_WARN_OBJC_LITERAL_CONVERSION = YES;
				CLANG_WARN_OBJC_ROOT_CLASS = YES_ERROR;
				CLANG_WARN_QUOTED_INCLUDE_IN_FRAMEWORK_HEADER = YES;
				CLANG_WARN_RANGE_LOOP_ANALYSIS = YES;
				CLANG_WARN_STRICT_PROTOTYPES = YES;
				CLANG_WARN_SUSPICIOUS_MOVE = YES;
				CLANG_WARN_UNGUARDED_AVAILABILITY = YES_AGGRESSIVE;
				CLANG_WARN_UNREACHABLE_CODE = YES;
				CLANG_WARN__DUPLICATE_METHOD_MATCH = YES;
				COPY_PHASE_STRIP = NO;
				DEBUG_INFORMATION_FORMAT = "dwarf-with-dsym";
				ENABLE_NS_ASSERTIONS = NO;
				ENABLE_STRICT_OBJC_MSGSEND = YES;
				GCC_C_LANGUAGE_STANDARD = gnu11;
				GCC_NO_COMMON_BLOCKS = YES;
				GCC_WARN_64_TO_32_BIT_CONVERSION = YES;
				GCC_WARN_ABOUT_RETURN_TYPE = YES_ERROR;
				GCC_WARN_UNDECLARED_SELECTOR = YES;
				GCC_WARN_UNINITIALIZED_AUTOS = YES_AGGRESSIVE;
				GCC_WARN_UNUSED_FUNCTION = YES;
				GCC_WARN_UNUSED_VARIABLE = YES;
				IPHONEOS_DEPLOYMENT_TARGET = 16.2;
				MTL_ENABLE_DEBUG_INFO = NO;
				MTL_FAST_MATH = YES;
				SDKROOT = iphoneos;
				SWIFT_COMPILATION_MODE = wholemodule;
				SWIFT_OPTIMIZATION_LEVEL = "-O";
				VALIDATE_PRODUCT = YES;
			};
			name = Release;
		};
		FA55EC5F2F0237F4006E0404 /* Debug */ = {
			isa = XCBuildConfiguration;
			baseConfigurationReference = 8620EC2D371F40A0374580EC /* Pods-Instagram_IOS.debug.xcconfig */;
			buildSettings = {
				ASSETCATALOG_COMPILER_APPICON_NAME = AppIcon;
				ASSETCATALOG_COMPILER_GLOBAL_ACCENT_COLOR_NAME = AccentColor;
				CODE_SIGN_STYLE = Automatic;
				CURRENT_PROJECT_VERSION = 1;
				GENERATE_INFOPLIST_FILE = YES;
				INFOPLIST_FILE = Instagram_IOS/Info.plist;
				INFOPLIST_KEY_UIApplicationSupportsIndirectInputEvents = YES;
				INFOPLIST_KEY_UILaunchStoryboardName = LaunchScreen;
				INFOPLIST_KEY_UIMainStoryboardFile = Main;
				INFOPLIST_KEY_UISupportedInterfaceOrientations_iPad = "UIInterfaceOrientationPortrait UIInterfaceOrientationPortraitUpsideDown UIInterfaceOrientationLandscapeLeft UIInterfaceOrientationLandscapeRight";
				INFOPLIST_KEY_UISupportedInterfaceOrientations_iPhone = "UIInterfaceOrientationPortrait UIInterfaceOrientationLandscapeLeft UIInterfaceOrientationLandscapeRight";
				LD_RUNPATH_SEARCH_PATHS = (
					"$(inherited)",
					"@executable_path/Frameworks",
				);
				MARKETING_VERSION = 1.0;
				PRODUCT_BUNDLE_IDENTIFIER = "vooora.Instagram-IOS";
				PRODUCT_NAME = "$(TARGET_NAME)";
				SWIFT_EMIT_LOC_STRINGS = YES;
				SWIFT_VERSION = 5.0;
				TARGETED_DEVICE_FAMILY = "1,2";
			};
			name = Debug;
		};
		FA55EC602F0237F4006E0404 /* Release */ = {
			isa = XCBuildConfiguration;
			baseConfigurationReference = 300BE6A1CA43206ADFEFCF41 /* Pods-Instagram_IOS.release.xcconfig */;
			buildSettings = {
				ASSETCATALOG_COMPILER_APPICON_NAME = AppIcon;
				ASSETCATALOG_COMPILER_GLOBAL_ACCENT_COLOR_NAME = AccentColor;
				CODE_SIGN_STYLE = Automatic;
				CURRENT_PROJECT_VERSION = 1;
				GENERATE_INFOPLIST_FILE = YES;
				INFOPLIST_FILE = Instagram_IOS/Info.plist;
				INFOPLIST_KEY_UIApplicationSupportsIndirectInputEvents = YES;
				INFOPLIST_KEY_UILaunchStoryboardName = LaunchScreen;
				INFOPLIST_KEY_UIMainStoryboardFile = Main;
				INFOPLIST_KEY_UISupportedInterfaceOrientations_iPad = "UIInterfaceOrientationPortrait UIInterfaceOrientationPortraitUpsideDown UIInterfaceOrientationLandscapeLeft UIInterfaceOrientationLandscapeRight";
				INFOPLIST_KEY_UISupportedInterfaceOrientations_iPhone = "UIInterfaceOrientationPortrait UIInterfaceOrientationLandscapeLeft UIInterfaceOrientationLandscapeRight";
				LD_RUNPATH_SEARCH_PATHS = (
					"$(inherited)",
					"@executable_path/Frameworks",
				);
				MARKETING_VERSION = 1.0;
				PRODUCT_BUNDLE_IDENTIFIER = "vooora.Instagram-IOS";
				PRODUCT_NAME = "$(TARGET_NAME)";
				SWIFT_EMIT_LOC_STRINGS = YES;
				SWIFT_VERSION = 5.0;
				TARGETED_DEVICE_FAMILY = "1,2";
			};
			name = Release;
		};
		FA55EC622F0237F4006E0404 /* Debug */ = {
			isa = XCBuildConfiguration;
			baseConfigurationReference = 3C9B32C537756073F12D163A /* Pods-Instagram_IOSTests.debug.xcconfig */;
			buildSettings = {
				ALWAYS_EMBED_SWIFT_STANDARD_LIBRARIES = YES;
				BUNDLE_LOADER = "$(TEST_HOST)";
				CODE_SIGN_STYLE = Automatic;
				CURRENT_PROJECT_VERSION = 1;
				GENERATE_INFOPLIST_FILE = YES;
				IPHONEOS_DEPLOYMENT_TARGET = 16.2;
				MARKETING_VERSION = 1.0;
				PRODUCT_BUNDLE_IDENTIFIER = "vooora.Instagram-IOSTests";
				PRODUCT_NAME = "$(TARGET_NAME)";
				SWIFT_EMIT_LOC_STRINGS = NO;
				SWIFT_VERSION = 5.0;
				TARGETED_DEVICE_FAMILY = "1,2";
				TEST_HOST = "$(BUILT_PRODUCTS_DIR)/Instagram_IOS.app/$(BUNDLE_EXECUTABLE_FOLDER_PATH)/Instagram_IOS";
			};
			name = Debug;
		};
		FA55EC632F0237F4006E0404 /* Release */ = {
			isa = XCBuildConfiguration;
			baseConfigurationReference = AB2AE804EBC9515D906AB854 /* Pods-Instagram_IOSTests.release.xcconfig */;
			buildSettings = {
				ALWAYS_EMBED_SWIFT_STANDARD_LIBRARIES = YES;
				BUNDLE_LOADER = "$(TEST_HOST)";
				CODE_SIGN_STYLE = Automatic;
				CURRENT_PROJECT_VERSION = 1;
				GENERATE_INFOPLIST_FILE = YES;
				IPHONEOS_DEPLOYMENT_TARGET = 16.2;
				MARKETING_VERSION = 1.0;
				PRODUCT_BUNDLE_IDENTIFIER = "vooora.Instagram-IOSTests";
				PRODUCT_NAME = "$(TARGET_NAME)";
				SWIFT_EMIT_LOC_STRINGS = NO;
				SWIFT_VERSION = 5.0;
				TARGETED_DEVICE_FAMILY = "1,2";
				TEST_HOST = "$(BUILT_PRODUCTS_DIR)/Instagram_IOS.app/$(BUNDLE_EXECUTABLE_FOLDER_PATH)/Instagram_IOS";
			};
			name = Release;
		};
		FA55EC652F0237F4006E0404 /* Debug */ = {
			isa = XCBuildConfiguration;
			baseConfigurationReference = 8801D97167060509552814C9 /* Pods-Instagram_IOS-Instagram_IOSUITests.debug.xcconfig */;
			buildSettings = {
				ALWAYS_EMBED_SWIFT_STANDARD_LIBRARIES = YES;
				CODE_SIGN_STYLE = Automatic;
				CURRENT_PROJECT_VERSION = 1;
				GENERATE_INFOPLIST_FILE = YES;
				MARKETING_VERSION = 1.0;
				PRODUCT_BUNDLE_IDENTIFIER = "vooora.Instagram-IOSUITests";
				PRODUCT_NAME = "$(TARGET_NAME)";
				SWIFT_EMIT_LOC_STRINGS = NO;
				SWIFT_VERSION = 5.0;
				TARGETED_DEVICE_FAMILY = "1,2";
				TEST_TARGET_NAME = Instagram_IOS;
			};
			name = Debug;
		};
		FA55EC662F0237F4006E0404 /* Release */ = {
			isa = XCBuildConfiguration;
			baseConfigurationReference = 7757ECCE9E32DCA56EC05DE3 /* Pods-Instagram_IOS-Instagram_IOSUITests.release.xcconfig */;
			buildSettings = {
				ALWAYS_EMBED_SWIFT_STANDARD_LIBRARIES = YES;
				CODE_SIGN_STYLE = Automatic;
				CURRENT_PROJECT_VERSION = 1;
				GENERATE_INFOPLIST_FILE = YES;
				MARKETING_VERSION = 1.0;
				PRODUCT_BUNDLE_IDENTIFIER = "vooora.Instagram-IOSUITests";
				PRODUCT_NAME = "$(TARGET_NAME)";
				SWIFT_EMIT_LOC_STRINGS = NO;
				SWIFT_VERSION = 5.0;
				TARGETED_DEVICE_FAMILY = "1,2";
				TEST_TARGET_NAME = Instagram_IOS;
			};
			name = Release;
		};
/* End XCBuildConfiguration section */

/* Begin XCConfigurationList section */
		FA55EC2F2F0237F3006E0404 /* Build configuration list for PBXProject "Instagram_IOS" */ = {
			isa = XCConfigurationList;
			buildConfigurations = (
				FA55EC5C2F0237F4006E0404 /* Debug */,
				FA55EC5D2F0237F4006E0404 /* Release */,
			);
			defaultConfigurationIsVisible = 0;
			defaultConfigurationName = Release;
		};
		FA55EC5E2F0237F4006E0404 /* Build configuration list for PBXNativeTarget "Instagram_IOS" */ = {
			isa = XCConfigurationList;
			buildConfigurations = (
				FA55EC5F2F0237F4006E0404 /* Debug */,
				FA55EC602F0237F4006E0404 /* Release */,
			);
			defaultConfigurationIsVisible = 0;
			defaultConfigurationName = Release;
		};
		FA55EC612F0237F4006E0404 /* Build configuration list for PBXNativeTarget "Instagram_IOSTests" */ = {
			isa = XCConfigurationList;
			buildConfigurations = (
				FA55EC622F0237F4006E0404 /* Debug */,
				FA55EC632F0237F4006E0404 /* Release */,
			);
			defaultConfigurationIsVisible = 0;
			defaultConfigurationName = Release;
		};
		FA55EC642F0237F4006E0404 /* Build configuration list for PBXNativeTarget "Instagram_IOSUITests" */ = {
			isa = XCConfigurationList;
			buildConfigurations = (
				FA55EC652F0237F4006E0404 /* Debug */,
				FA55EC662F0237F4006E0404 /* Release */,
			);
			defaultConfigurationIsVisible = 0;
			defaultConfigurationName = Release;
		};
/* End XCConfigurationList section */
	};
	rootObject = FA55EC2C2F0237F3006E0404 /* Project object */;
}
